
Microsoft Visual Studio Solution File, Format Version 12.00
# Visual Studio Version 17
VisualStudioVersion = 17.6.33829.357
MinimumVisualStudioVersion = 10.0.40219.1
Project("{2150E333-8FDC-42A3-9474-1A3956D46DE8}") = "Book", "Book", "{F67EA632-C806-4501-A5D8-CED7E59DDF9D}"
EndProject
Project("{2150E333-8FDC-42A3-9474-1A3956D46DE8}") = "Youtube", "Youtube", "{9A16D250-D205-4080-9D6C-76F978941C1B}"
EndProject
Project("{FAE04EC0-301F-11D3-BF4B-00C04F79EFBC}") = "07ClassAccess", "01ClassAccess\07ClassAccess.csproj", "{06F1C19F-61D7-4518-AA3A-4195D8BB5B3A}"
EndProject
Project("{2150E333-8FDC-42A3-9474-1A3956D46DE8}") = "Note", "Note", "{F61EC47F-034E-4D04-8BC6-BED9DEB8AF03}"
EndProject
Project("{FAE04EC0-301F-11D3-BF4B-00C04F79EFBC}") = "09Operator", "09Operator\09Operator.csproj", "{AEEC1774-6637-4B2B-A495-C77DAA1A95FF}"
EndProject
Project("{FAE04EC0-301F-11D3-BF4B-00C04F79EFBC}") = "01Property", "01Property\01Property.csproj", "{E34C5B73-8463-4EB9-A4AC-75E5599DF607}"
EndProject
Project("{2150E333-8FDC-42A3-9474-1A3956D46DE8}") = "DesignPattern", "DesignPattern", "{E41389B6-759E-455F-B9BA-D6D75E9CD2EF}"
EndProject
Project("{FAE04EC0-301F-11D3-BF4B-00C04F79EFBC}") = "01BuilderPattern", "01BuilderPattern\01BuilderPattern.csproj", "{E5A8938C-5A57-42B2-B52D-BA023BEBD14A}"
EndProject
Project("{FAE04EC0-301F-11D3-BF4B-00C04F79EFBC}") = "11Memory(Value)", "11Memory(Value)\11Memory(Value).csproj", "{62A3251F-BE7C-4E2D-83E0-C37F287EEBAE}"
EndProject
Project("{FAE04EC0-301F-11D3-BF4B-00C04F79EFBC}") = "12Memory(Reference)", "12Memory(Reference)\12Memory(Reference).csproj", "{2C289356-1C36-4291-99B1-7894060A4AD9}"
EndProject
Project("{FAE04EC0-301F-11D3-BF4B-00C04F79EFBC}") = "13StaticVar", "13StaticVar\13StaticVar.csproj", "{2AF07CE9-68B2-42D2-977B-7C3A78F11EB4}"
EndProject
Project("{FAE04EC0-301F-11D3-BF4B-00C04F79EFBC}") = "14StaticFunc", "14StaticFunc\14StaticFunc.csproj", "{4E36E54D-63F9-4521-B2D1-C44A8233ADF7}"
EndProject
Project("{FAE04EC0-301F-11D3-BF4B-00C04F79EFBC}") = "15StaticClass", "15StaticClass\15StaticClass.csproj", "{A845BAF2-ED7C-4685-9079-DEAFE63D3A86}"
EndProject
Project("{FAE04EC0-301F-11D3-BF4B-00C04F79EFBC}") = "16This", "16This\16This.csproj", "{431A4692-CE72-44EE-8EE3-AE93D60E9826}"
EndProject
Project("{FAE04EC0-301F-11D3-BF4B-00C04F79EFBC}") = "17While", "17While\17While.csproj", "{2138FE24-2750-4588-AD98-5E36AFC1B4A9}"
EndProject
Project("{FAE04EC0-301F-11D3-BF4B-00C04F79EFBC}") = "18for", "18for\18for.csproj", "{EA7A1E2E-7316-40A6-9DE3-96659BD4F063}"
EndProject
Project("{FAE04EC0-301F-11D3-BF4B-00C04F79EFBC}") = "19if", "19if\19if.csproj", "{52D1FEE6-C3E7-4708-AA18-081BAAA1D851}"
EndProject
Project("{FAE04EC0-301F-11D3-BF4B-00C04F79EFBC}") = "20Switch", "20Switch\20Switch.csproj", "{5894CF5D-B656-4E77-B3A0-EA303352D554}"
EndProject
Project("{FAE04EC0-301F-11D3-BF4B-00C04F79EFBC}") = "21Struct", "21Struct\21Struct.csproj", "{7096EBA8-5672-4B2D-A9AB-5A88B360A29C}"
EndProject
Project("{FAE04EC0-301F-11D3-BF4B-00C04F79EFBC}") = "22Enum", "22Enum\22Enum.csproj", "{2CBA7E5D-A9D6-473D-9B41-F1E4D44C3808}"
EndProject
Project("{2150E333-8FDC-42A3-9474-1A3956D46DE8}") = "Game", "Game", "{8433F76D-B397-459A-8B48-DB2A25B75755}"
EndProject
Project("{FAE04EC0-301F-11D3-BF4B-00C04F79EFBC}") = "TextRpg001", "TextRpg001\TextRpg001.csproj", "{05D368AD-C659-4E9C-A256-8DBEF86F6418}"
EndProject
Project("{2150E333-8FDC-42A3-9474-1A3956D46DE8}") = "Lecture", "Lecture", "{355B5B02-B196-4D04-942C-BB164B3AB109}"
EndProject
Project("{FAE04EC0-301F-11D3-BF4B-00C04F79EFBC}") = "TextRpg002", "TextRpg002\TextRpg002.csproj", "{0706E27D-3D2C-4B25-95BC-B621D85F03D7}"
EndProject
Project("{FAE04EC0-301F-11D3-BF4B-00C04F79EFBC}") = "23Inheritance", "23Inheritance\23Inheritance.csproj", "{F6840E63-05E4-4DFA-86F6-689ABBC56EA4}"
EndProject
Project("{FAE04EC0-301F-11D3-BF4B-00C04F79EFBC}") = "24ClassConstructor", "24ClassConstructor\24ClassConstructor.csproj", "{368AED2C-7331-4768-BF8E-0691647663C5}"
EndProject
Project("{2150E333-8FDC-42A3-9474-1A3956D46DE8}") = "Practice", "Practice", "{E773335A-6B88-4781-B661-72916733CE02}"
EndProject
Project("{FAE04EC0-301F-11D3-BF4B-00C04F79EFBC}") = "01Inheritance", "01Inheritance\01Inheritance.csproj", "{E1A662F1-509B-4869-892F-CFF0ED9D4E86}"
EndProject
Project("{FAE04EC0-301F-11D3-BF4B-00C04F79EFBC}") = "_01Basic", "Book\01Basic\_01Basic.csproj", "{71F85120-264A-4E93-A934-D5B146A20BCC}"
EndProject
Project("{FAE04EC0-301F-11D3-BF4B-00C04F79EFBC}") = "_02_1Variable", "Book\02_1Variable\_02_1Variable.csproj", "{CFD1297C-5801-4BEE-A802-5C4E056E3CFF}"
EndProject
Project("{FAE04EC0-301F-11D3-BF4B-00C04F79EFBC}") = "_02_2DataType", "Book\02_2DataType\_02_2DataType.csproj", "{4DE6ECBC-D4F3-47B1-817E-843A94E8B5CB}"
EndProject
Project("{FAE04EC0-301F-11D3-BF4B-00C04F79EFBC}") = "_03Arrary", "Book\03Arrary\_03Arrary.csproj", "{0051C6EC-22B2-4F17-80EA-16B993D7D154}"
EndProject
Project("{FAE04EC0-301F-11D3-BF4B-00C04F79EFBC}") = "_04Collection", "Book\04Collection\_04Collection.csproj", "{2591FBD2-EDD7-4F90-A927-1BBFE6F4E1D7}"
EndProject
Project("{FAE04EC0-301F-11D3-BF4B-00C04F79EFBC}") = "_05Enum", "Book\05Enum\_05Enum.csproj", "{69F02AF4-6A07-4ADD-A52F-781ED647072A}"
EndProject
Project("{FAE04EC0-301F-11D3-BF4B-00C04F79EFBC}") = "_06ChallengeQuiz", "Book\06ChallengeQuiz\_06ChallengeQuiz.csproj", "{3A560603-12AE-4DF9-BE70-C231C952E8A1}"
EndProject
Project("{FAE04EC0-301F-11D3-BF4B-00C04F79EFBC}") = "07Operator", "Book\07Operator\07Operator.csproj", "{9CEB095B-6A24-486E-B8D1-0399C0E0C930}"
EndProject
Project("{FAE04EC0-301F-11D3-BF4B-00C04F79EFBC}") = "08Class", "08Class\08Class.csproj", "{EF985FA5-7DDB-4514-946D-F36554A67726}"
EndProject
Project("{FAE04EC0-301F-11D3-BF4B-00C04F79EFBC}") = "09AbstractClass", "09AbstractClass\09AbstractClass.csproj", "{0D947843-E266-4B1B-8827-DA98F873261F}"
EndProject
Project("{FAE04EC0-301F-11D3-BF4B-00C04F79EFBC}") = "10Interface", "10Interface\10Interface.csproj", "{5DF0A087-1350-4F94-A004-89B5A29BBF36}"
EndProject
Project("{FAE04EC0-301F-11D3-BF4B-00C04F79EFBC}") = "02Constructor", "02Constructor\02Constructor.csproj", "{95DEB752-D177-443C-B7FB-409818CA6B25}"
EndProject
Project("{FAE04EC0-301F-11D3-BF4B-00C04F79EFBC}") = "25String01", "25String01\25String01.csproj", "{3194C4D1-BF9D-4885-91F9-EBBD4762133E}"
EndProject
Project("{FAE04EC0-301F-11D3-BF4B-00C04F79EFBC}") = "26Property", "26Property\26Property.csproj", "{A6E83AE8-67C8-4285-8FEF-5810555D995D}"
EndProject
Project("{FAE04EC0-301F-11D3-BF4B-00C04F79EFBC}") = "27ClassFile", "27ClassFile\27ClassFile.csproj", "{B1587D0A-FE7F-409C-BAD0-F638C8188221}"
EndProject
Project("{FAE04EC0-301F-11D3-BF4B-00C04F79EFBC}") = "28Partial", "28Partial\28Partial.csproj", "{96429A0D-04CD-47D3-AFD8-A06EBC21E5CC}"
EndProject
Global
	GlobalSection(SolutionConfigurationPlatforms) = preSolution
		Debug|Any CPU = Debug|Any CPU
		Release|Any CPU = Release|Any CPU
	EndGlobalSection
	GlobalSection(ProjectConfigurationPlatforms) = postSolution
		{06F1C19F-61D7-4518-AA3A-4195D8BB5B3A}.Debug|Any CPU.ActiveCfg = Debug|Any CPU
		{06F1C19F-61D7-4518-AA3A-4195D8BB5B3A}.Debug|Any CPU.Build.0 = Debug|Any CPU
		{06F1C19F-61D7-4518-AA3A-4195D8BB5B3A}.Release|Any CPU.ActiveCfg = Release|Any CPU
		{06F1C19F-61D7-4518-AA3A-4195D8BB5B3A}.Release|Any CPU.Build.0 = Release|Any CPU
		{AEEC1774-6637-4B2B-A495-C77DAA1A95FF}.Debug|Any CPU.ActiveCfg = Debug|Any CPU
		{AEEC1774-6637-4B2B-A495-C77DAA1A95FF}.Debug|Any CPU.Build.0 = Debug|Any CPU
		{AEEC1774-6637-4B2B-A495-C77DAA1A95FF}.Release|Any CPU.ActiveCfg = Release|Any CPU
		{AEEC1774-6637-4B2B-A495-C77DAA1A95FF}.Release|Any CPU.Build.0 = Release|Any CPU
		{E34C5B73-8463-4EB9-A4AC-75E5599DF607}.Debug|Any CPU.ActiveCfg = Debug|Any CPU
		{E34C5B73-8463-4EB9-A4AC-75E5599DF607}.Debug|Any CPU.Build.0 = Debug|Any CPU
		{E34C5B73-8463-4EB9-A4AC-75E5599DF607}.Release|Any CPU.ActiveCfg = Release|Any CPU
		{E34C5B73-8463-4EB9-A4AC-75E5599DF607}.Release|Any CPU.Build.0 = Release|Any CPU
		{E5A8938C-5A57-42B2-B52D-BA023BEBD14A}.Debug|Any CPU.ActiveCfg = Debug|Any CPU
		{E5A8938C-5A57-42B2-B52D-BA023BEBD14A}.Debug|Any CPU.Build.0 = Debug|Any CPU
		{E5A8938C-5A57-42B2-B52D-BA023BEBD14A}.Release|Any CPU.ActiveCfg = Release|Any CPU
		{E5A8938C-5A57-42B2-B52D-BA023BEBD14A}.Release|Any CPU.Build.0 = Release|Any CPU
		{62A3251F-BE7C-4E2D-83E0-C37F287EEBAE}.Debug|Any CPU.ActiveCfg = Debug|Any CPU
		{62A3251F-BE7C-4E2D-83E0-C37F287EEBAE}.Debug|Any CPU.Build.0 = Debug|Any CPU
		{62A3251F-BE7C-4E2D-83E0-C37F287EEBAE}.Release|Any CPU.ActiveCfg = Release|Any CPU
		{62A3251F-BE7C-4E2D-83E0-C37F287EEBAE}.Release|Any CPU.Build.0 = Release|Any CPU
		{2C289356-1C36-4291-99B1-7894060A4AD9}.Debug|Any CPU.ActiveCfg = Debug|Any CPU
		{2C289356-1C36-4291-99B1-7894060A4AD9}.Debug|Any CPU.Build.0 = Debug|Any CPU
		{2C289356-1C36-4291-99B1-7894060A4AD9}.Release|Any CPU.ActiveCfg = Release|Any CPU
		{2C289356-1C36-4291-99B1-7894060A4AD9}.Release|Any CPU.Build.0 = Release|Any CPU
		{2AF07CE9-68B2-42D2-977B-7C3A78F11EB4}.Debug|Any CPU.ActiveCfg = Debug|Any CPU
		{2AF07CE9-68B2-42D2-977B-7C3A78F11EB4}.Debug|Any CPU.Build.0 = Debug|Any CPU
		{2AF07CE9-68B2-42D2-977B-7C3A78F11EB4}.Release|Any CPU.ActiveCfg = Release|Any CPU
		{2AF07CE9-68B2-42D2-977B-7C3A78F11EB4}.Release|Any CPU.Build.0 = Release|Any CPU
		{4E36E54D-63F9-4521-B2D1-C44A8233ADF7}.Debug|Any CPU.ActiveCfg = Debug|Any CPU
		{4E36E54D-63F9-4521-B2D1-C44A8233ADF7}.Debug|Any CPU.Build.0 = Debug|Any CPU
		{4E36E54D-63F9-4521-B2D1-C44A8233ADF7}.Release|Any CPU.ActiveCfg = Release|Any CPU
		{4E36E54D-63F9-4521-B2D1-C44A8233ADF7}.Release|Any CPU.Build.0 = Release|Any CPU
		{A845BAF2-ED7C-4685-9079-DEAFE63D3A86}.Debug|Any CPU.ActiveCfg = Debug|Any CPU
		{A845BAF2-ED7C-4685-9079-DEAFE63D3A86}.Debug|Any CPU.Build.0 = Debug|Any CPU
		{A845BAF2-ED7C-4685-9079-DEAFE63D3A86}.Release|Any CPU.ActiveCfg = Release|Any CPU
		{A845BAF2-ED7C-4685-9079-DEAFE63D3A86}.Release|Any CPU.Build.0 = Release|Any CPU
		{431A4692-CE72-44EE-8EE3-AE93D60E9826}.Debug|Any CPU.ActiveCfg = Debug|Any CPU
		{431A4692-CE72-44EE-8EE3-AE93D60E9826}.Debug|Any CPU.Build.0 = Debug|Any CPU
		{431A4692-CE72-44EE-8EE3-AE93D60E9826}.Release|Any CPU.ActiveCfg = Release|Any CPU
		{431A4692-CE72-44EE-8EE3-AE93D60E9826}.Release|Any CPU.Build.0 = Release|Any CPU
		{2138FE24-2750-4588-AD98-5E36AFC1B4A9}.Debug|Any CPU.ActiveCfg = Debug|Any CPU
		{2138FE24-2750-4588-AD98-5E36AFC1B4A9}.Debug|Any CPU.Build.0 = Debug|Any CPU
		{2138FE24-2750-4588-AD98-5E36AFC1B4A9}.Release|Any CPU.ActiveCfg = Release|Any CPU
		{2138FE24-2750-4588-AD98-5E36AFC1B4A9}.Release|Any CPU.Build.0 = Release|Any CPU
		{EA7A1E2E-7316-40A6-9DE3-96659BD4F063}.Debug|Any CPU.ActiveCfg = Debug|Any CPU
		{EA7A1E2E-7316-40A6-9DE3-96659BD4F063}.Debug|Any CPU.Build.0 = Debug|Any CPU
		{EA7A1E2E-7316-40A6-9DE3-96659BD4F063}.Release|Any CPU.ActiveCfg = Release|Any CPU
		{EA7A1E2E-7316-40A6-9DE3-96659BD4F063}.Release|Any CPU.Build.0 = Release|Any CPU
		{52D1FEE6-C3E7-4708-AA18-081BAAA1D851}.Debug|Any CPU.ActiveCfg = Debug|Any CPU
		{52D1FEE6-C3E7-4708-AA18-081BAAA1D851}.Debug|Any CPU.Build.0 = Debug|Any CPU
		{52D1FEE6-C3E7-4708-AA18-081BAAA1D851}.Release|Any CPU.ActiveCfg = Release|Any CPU
		{52D1FEE6-C3E7-4708-AA18-081BAAA1D851}.Release|Any CPU.Build.0 = Release|Any CPU
		{5894CF5D-B656-4E77-B3A0-EA303352D554}.Debug|Any CPU.ActiveCfg = Debug|Any CPU
		{5894CF5D-B656-4E77-B3A0-EA303352D554}.Debug|Any CPU.Build.0 = Debug|Any CPU
		{5894CF5D-B656-4E77-B3A0-EA303352D554}.Release|Any CPU.ActiveCfg = Release|Any CPU
		{5894CF5D-B656-4E77-B3A0-EA303352D554}.Release|Any CPU.Build.0 = Release|Any CPU
		{7096EBA8-5672-4B2D-A9AB-5A88B360A29C}.Debug|Any CPU.ActiveCfg = Debug|Any CPU
		{7096EBA8-5672-4B2D-A9AB-5A88B360A29C}.Debug|Any CPU.Build.0 = Debug|Any CPU
		{7096EBA8-5672-4B2D-A9AB-5A88B360A29C}.Release|Any CPU.ActiveCfg = Release|Any CPU
		{7096EBA8-5672-4B2D-A9AB-5A88B360A29C}.Release|Any CPU.Build.0 = Release|Any CPU
		{2CBA7E5D-A9D6-473D-9B41-F1E4D44C3808}.Debug|Any CPU.ActiveCfg = Debug|Any CPU
		{2CBA7E5D-A9D6-473D-9B41-F1E4D44C3808}.Debug|Any CPU.Build.0 = Debug|Any CPU
		{2CBA7E5D-A9D6-473D-9B41-F1E4D44C3808}.Release|Any CPU.ActiveCfg = Release|Any CPU
		{2CBA7E5D-A9D6-473D-9B41-F1E4D44C3808}.Release|Any CPU.Build.0 = Release|Any CPU
		{05D368AD-C659-4E9C-A256-8DBEF86F6418}.Debug|Any CPU.ActiveCfg = Debug|Any CPU
		{05D368AD-C659-4E9C-A256-8DBEF86F6418}.Debug|Any CPU.Build.0 = Debug|Any CPU
		{05D368AD-C659-4E9C-A256-8DBEF86F6418}.Release|Any CPU.ActiveCfg = Release|Any CPU
		{05D368AD-C659-4E9C-A256-8DBEF86F6418}.Release|Any CPU.Build.0 = Release|Any CPU
		{0706E27D-3D2C-4B25-95BC-B621D85F03D7}.Debug|Any CPU.ActiveCfg = Debug|Any CPU
		{0706E27D-3D2C-4B25-95BC-B621D85F03D7}.Debug|Any CPU.Build.0 = Debug|Any CPU
		{0706E27D-3D2C-4B25-95BC-B621D85F03D7}.Release|Any CPU.ActiveCfg = Release|Any CPU
		{0706E27D-3D2C-4B25-95BC-B621D85F03D7}.Release|Any CPU.Build.0 = Release|Any CPU
		{F6840E63-05E4-4DFA-86F6-689ABBC56EA4}.Debug|Any CPU.ActiveCfg = Debug|Any CPU
		{F6840E63-05E4-4DFA-86F6-689ABBC56EA4}.Debug|Any CPU.Build.0 = Debug|Any CPU
		{F6840E63-05E4-4DFA-86F6-689ABBC56EA4}.Release|Any CPU.ActiveCfg = Release|Any CPU
		{F6840E63-05E4-4DFA-86F6-689ABBC56EA4}.Release|Any CPU.Build.0 = Release|Any CPU
		{368AED2C-7331-4768-BF8E-0691647663C5}.Debug|Any CPU.ActiveCfg = Debug|Any CPU
		{368AED2C-7331-4768-BF8E-0691647663C5}.Debug|Any CPU.Build.0 = Debug|Any CPU
		{368AED2C-7331-4768-BF8E-0691647663C5}.Release|Any CPU.ActiveCfg = Release|Any CPU
		{368AED2C-7331-4768-BF8E-0691647663C5}.Release|Any CPU.Build.0 = Release|Any CPU
		{E1A662F1-509B-4869-892F-CFF0ED9D4E86}.Debug|Any CPU.ActiveCfg = Debug|Any CPU
		{E1A662F1-509B-4869-892F-CFF0ED9D4E86}.Debug|Any CPU.Build.0 = Debug|Any CPU
		{E1A662F1-509B-4869-892F-CFF0ED9D4E86}.Release|Any CPU.ActiveCfg = Release|Any CPU
		{E1A662F1-509B-4869-892F-CFF0ED9D4E86}.Release|Any CPU.Build.0 = Release|Any CPU
		{71F85120-264A-4E93-A934-D5B146A20BCC}.Debug|Any CPU.ActiveCfg = Debug|Any CPU
		{71F85120-264A-4E93-A934-D5B146A20BCC}.Debug|Any CPU.Build.0 = Debug|Any CPU
		{71F85120-264A-4E93-A934-D5B146A20BCC}.Release|Any CPU.ActiveCfg = Release|Any CPU
		{71F85120-264A-4E93-A934-D5B146A20BCC}.Release|Any CPU.Build.0 = Release|Any CPU
		{CFD1297C-5801-4BEE-A802-5C4E056E3CFF}.Debug|Any CPU.ActiveCfg = Debug|Any CPU
		{CFD1297C-5801-4BEE-A802-5C4E056E3CFF}.Debug|Any CPU.Build.0 = Debug|Any CPU
		{CFD1297C-5801-4BEE-A802-5C4E056E3CFF}.Release|Any CPU.ActiveCfg = Release|Any CPU
		{CFD1297C-5801-4BEE-A802-5C4E056E3CFF}.Release|Any CPU.Build.0 = Release|Any CPU
		{4DE6ECBC-D4F3-47B1-817E-843A94E8B5CB}.Debug|Any CPU.ActiveCfg = Debug|Any CPU
		{4DE6ECBC-D4F3-47B1-817E-843A94E8B5CB}.Debug|Any CPU.Build.0 = Debug|Any CPU
		{4DE6ECBC-D4F3-47B1-817E-843A94E8B5CB}.Release|Any CPU.ActiveCfg = Release|Any CPU
		{4DE6ECBC-D4F3-47B1-817E-843A94E8B5CB}.Release|Any CPU.Build.0 = Release|Any CPU
		{0051C6EC-22B2-4F17-80EA-16B993D7D154}.Debug|Any CPU.ActiveCfg = Debug|Any CPU
		{0051C6EC-22B2-4F17-80EA-16B993D7D154}.Debug|Any CPU.Build.0 = Debug|Any CPU
		{0051C6EC-22B2-4F17-80EA-16B993D7D154}.Release|Any CPU.ActiveCfg = Release|Any CPU
		{0051C6EC-22B2-4F17-80EA-16B993D7D154}.Release|Any CPU.Build.0 = Release|Any CPU
		{2591FBD2-EDD7-4F90-A927-1BBFE6F4E1D7}.Debug|Any CPU.ActiveCfg = Debug|Any CPU
		{2591FBD2-EDD7-4F90-A927-1BBFE6F4E1D7}.Debug|Any CPU.Build.0 = Debug|Any CPU
		{2591FBD2-EDD7-4F90-A927-1BBFE6F4E1D7}.Release|Any CPU.ActiveCfg = Release|Any CPU
		{2591FBD2-EDD7-4F90-A927-1BBFE6F4E1D7}.Release|Any CPU.Build.0 = Release|Any CPU
		{69F02AF4-6A07-4ADD-A52F-781ED647072A}.Debug|Any CPU.ActiveCfg = Debug|Any CPU
		{69F02AF4-6A07-4ADD-A52F-781ED647072A}.Debug|Any CPU.Build.0 = Debug|Any CPU
		{69F02AF4-6A07-4ADD-A52F-781ED647072A}.Release|Any CPU.ActiveCfg = Release|Any CPU
		{69F02AF4-6A07-4ADD-A52F-781ED647072A}.Release|Any CPU.Build.0 = Release|Any CPU
		{3A560603-12AE-4DF9-BE70-C231C952E8A1}.Debug|Any CPU.ActiveCfg = Debug|Any CPU
		{3A560603-12AE-4DF9-BE70-C231C952E8A1}.Debug|Any CPU.Build.0 = Debug|Any CPU
		{3A560603-12AE-4DF9-BE70-C231C952E8A1}.Release|Any CPU.ActiveCfg = Release|Any CPU
		{3A560603-12AE-4DF9-BE70-C231C952E8A1}.Release|Any CPU.Build.0 = Release|Any CPU
		{9CEB095B-6A24-486E-B8D1-0399C0E0C930}.Debug|Any CPU.ActiveCfg = Debug|Any CPU
		{9CEB095B-6A24-486E-B8D1-0399C0E0C930}.Debug|Any CPU.Build.0 = Debug|Any CPU
		{9CEB095B-6A24-486E-B8D1-0399C0E0C930}.Release|Any CPU.ActiveCfg = Release|Any CPU
		{9CEB095B-6A24-486E-B8D1-0399C0E0C930}.Release|Any CPU.Build.0 = Release|Any CPU
		{EF985FA5-7DDB-4514-946D-F36554A67726}.Debug|Any CPU.ActiveCfg = Debug|Any CPU
		{EF985FA5-7DDB-4514-946D-F36554A67726}.Debug|Any CPU.Build.0 = Debug|Any CPU
		{EF985FA5-7DDB-4514-946D-F36554A67726}.Release|Any CPU.ActiveCfg = Release|Any CPU
		{EF985FA5-7DDB-4514-946D-F36554A67726}.Release|Any CPU.Build.0 = Release|Any CPU
		{0D947843-E266-4B1B-8827-DA98F873261F}.Debug|Any CPU.ActiveCfg = Debug|Any CPU
		{0D947843-E266-4B1B-8827-DA98F873261F}.Debug|Any CPU.Build.0 = Debug|Any CPU
		{0D947843-E266-4B1B-8827-DA98F873261F}.Release|Any CPU.ActiveCfg = Release|Any CPU
		{0D947843-E266-4B1B-8827-DA98F873261F}.Release|Any CPU.Build.0 = Release|Any CPU
		{5DF0A087-1350-4F94-A004-89B5A29BBF36}.Debug|Any CPU.ActiveCfg = Debug|Any CPU
		{5DF0A087-1350-4F94-A004-89B5A29BBF36}.Debug|Any CPU.Build.0 = Debug|Any CPU
		{5DF0A087-1350-4F94-A004-89B5A29BBF36}.Release|Any CPU.ActiveCfg = Release|Any CPU
		{5DF0A087-1350-4F94-A004-89B5A29BBF36}.Release|Any CPU.Build.0 = Release|Any CPU
		{95DEB752-D177-443C-B7FB-409818CA6B25}.Debug|Any CPU.ActiveCfg = Debug|Any CPU
		{95DEB752-D177-443C-B7FB-409818CA6B25}.Debug|Any CPU.Build.0 = Debug|Any CPU
		{95DEB752-D177-443C-B7FB-409818CA6B25}.Release|Any CPU.ActiveCfg = Release|Any CPU
		{95DEB752-D177-443C-B7FB-409818CA6B25}.Release|Any CPU.Build.0 = Release|Any CPU
		{3194C4D1-BF9D-4885-91F9-EBBD4762133E}.Debug|Any CPU.ActiveCfg = Debug|Any CPU
		{3194C4D1-BF9D-4885-91F9-EBBD4762133E}.Debug|Any CPU.Build.0 = Debug|Any CPU
		{3194C4D1-BF9D-4885-91F9-EBBD4762133E}.Release|Any CPU.ActiveCfg = Release|Any CPU
		{3194C4D1-BF9D-4885-91F9-EBBD4762133E}.Release|Any CPU.Build.0 = Release|Any CPU
		{A6E83AE8-67C8-4285-8FEF-5810555D995D}.Debug|Any CPU.ActiveCfg = Debug|Any CPU
		{A6E83AE8-67C8-4285-8FEF-5810555D995D}.Debug|Any CPU.Build.0 = Debug|Any CPU
		{A6E83AE8-67C8-4285-8FEF-5810555D995D}.Release|Any CPU.ActiveCfg = Release|Any CPU
		{A6E83AE8-67C8-4285-8FEF-5810555D995D}.Release|Any CPU.Build.0 = Release|Any CPU
		{B1587D0A-FE7F-409C-BAD0-F638C8188221}.Debug|Any CPU.ActiveCfg = Debug|Any CPU
		{B1587D0A-FE7F-409C-BAD0-F638C8188221}.Debug|Any CPU.Build.0 = Debug|Any CPU
		{B1587D0A-FE7F-409C-BAD0-F638C8188221}.Release|Any CPU.ActiveCfg = Release|Any CPU
		{B1587D0A-FE7F-409C-BAD0-F638C8188221}.Release|Any CPU.Build.0 = Release|Any CPU
		{96429A0D-04CD-47D3-AFD8-A06EBC21E5CC}.Debug|Any CPU.ActiveCfg = Debug|Any CPU
		{96429A0D-04CD-47D3-AFD8-A06EBC21E5CC}.Debug|Any CPU.Build.0 = Debug|Any CPU
		{96429A0D-04CD-47D3-AFD8-A06EBC21E5CC}.Release|Any CPU.ActiveCfg = Release|Any CPU
		{96429A0D-04CD-47D3-AFD8-A06EBC21E5CC}.Release|Any CPU.Build.0 = Release|Any CPU
	EndGlobalSection
	GlobalSection(SolutionProperties) = preSolution
		HideSolutionNode = FALSE
	EndGlobalSection
	GlobalSection(NestedProjects) = preSolution
		{06F1C19F-61D7-4518-AA3A-4195D8BB5B3A} = {355B5B02-B196-4D04-942C-BB164B3AB109}
		{AEEC1774-6637-4B2B-A495-C77DAA1A95FF} = {355B5B02-B196-4D04-942C-BB164B3AB109}
		{E34C5B73-8463-4EB9-A4AC-75E5599DF607} = {F61EC47F-034E-4D04-8BC6-BED9DEB8AF03}
		{E41389B6-759E-455F-B9BA-D6D75E9CD2EF} = {F61EC47F-034E-4D04-8BC6-BED9DEB8AF03}
		{E5A8938C-5A57-42B2-B52D-BA023BEBD14A} = {E41389B6-759E-455F-B9BA-D6D75E9CD2EF}
		{62A3251F-BE7C-4E2D-83E0-C37F287EEBAE} = {355B5B02-B196-4D04-942C-BB164B3AB109}
		{2C289356-1C36-4291-99B1-7894060A4AD9} = {355B5B02-B196-4D04-942C-BB164B3AB109}
		{2AF07CE9-68B2-42D2-977B-7C3A78F11EB4} = {355B5B02-B196-4D04-942C-BB164B3AB109}
		{4E36E54D-63F9-4521-B2D1-C44A8233ADF7} = {355B5B02-B196-4D04-942C-BB164B3AB109}
		{A845BAF2-ED7C-4685-9079-DEAFE63D3A86} = {355B5B02-B196-4D04-942C-BB164B3AB109}
		{431A4692-CE72-44EE-8EE3-AE93D60E9826} = {355B5B02-B196-4D04-942C-BB164B3AB109}
		{2138FE24-2750-4588-AD98-5E36AFC1B4A9} = {355B5B02-B196-4D04-942C-BB164B3AB109}
		{EA7A1E2E-7316-40A6-9DE3-96659BD4F063} = {355B5B02-B196-4D04-942C-BB164B3AB109}
		{52D1FEE6-C3E7-4708-AA18-081BAAA1D851} = {355B5B02-B196-4D04-942C-BB164B3AB109}
		{5894CF5D-B656-4E77-B3A0-EA303352D554} = {355B5B02-B196-4D04-942C-BB164B3AB109}
		{7096EBA8-5672-4B2D-A9AB-5A88B360A29C} = {355B5B02-B196-4D04-942C-BB164B3AB109}
		{2CBA7E5D-A9D6-473D-9B41-F1E4D44C3808} = {355B5B02-B196-4D04-942C-BB164B3AB109}
		{8433F76D-B397-459A-8B48-DB2A25B75755} = {9A16D250-D205-4080-9D6C-76F978941C1B}
		{05D368AD-C659-4E9C-A256-8DBEF86F6418} = {8433F76D-B397-459A-8B48-DB2A25B75755}
		{355B5B02-B196-4D04-942C-BB164B3AB109} = {9A16D250-D205-4080-9D6C-76F978941C1B}
		{0706E27D-3D2C-4B25-95BC-B621D85F03D7} = {8433F76D-B397-459A-8B48-DB2A25B75755}
		{F6840E63-05E4-4DFA-86F6-689ABBC56EA4} = {355B5B02-B196-4D04-942C-BB164B3AB109}
		{368AED2C-7331-4768-BF8E-0691647663C5} = {355B5B02-B196-4D04-942C-BB164B3AB109}
		{E1A662F1-509B-4869-892F-CFF0ED9D4E86} = {E773335A-6B88-4781-B661-72916733CE02}
		{71F85120-264A-4E93-A934-D5B146A20BCC} = {F67EA632-C806-4501-A5D8-CED7E59DDF9D}
		{CFD1297C-5801-4BEE-A802-5C4E056E3CFF} = {F67EA632-C806-4501-A5D8-CED7E59DDF9D}
		{4DE6ECBC-D4F3-47B1-817E-843A94E8B5CB} = {F67EA632-C806-4501-A5D8-CED7E59DDF9D}
		{0051C6EC-22B2-4F17-80EA-16B993D7D154} = {F67EA632-C806-4501-A5D8-CED7E59DDF9D}
		{2591FBD2-EDD7-4F90-A927-1BBFE6F4E1D7} = {F67EA632-C806-4501-A5D8-CED7E59DDF9D}
		{69F02AF4-6A07-4ADD-A52F-781ED647072A} = {F67EA632-C806-4501-A5D8-CED7E59DDF9D}
		{3A560603-12AE-4DF9-BE70-C231C952E8A1} = {F67EA632-C806-4501-A5D8-CED7E59DDF9D}
		{9CEB095B-6A24-486E-B8D1-0399C0E0C930} = {F67EA632-C806-4501-A5D8-CED7E59DDF9D}
		{EF985FA5-7DDB-4514-946D-F36554A67726} = {F67EA632-C806-4501-A5D8-CED7E59DDF9D}
		{0D947843-E266-4B1B-8827-DA98F873261F} = {F67EA632-C806-4501-A5D8-CED7E59DDF9D}
		{5DF0A087-1350-4F94-A004-89B5A29BBF36} = {F67EA632-C806-4501-A5D8-CED7E59DDF9D}
		{95DEB752-D177-443C-B7FB-409818CA6B25} = {E773335A-6B88-4781-B661-72916733CE02}
		{3194C4D1-BF9D-4885-91F9-EBBD4762133E} = {355B5B02-B196-4D04-942C-BB164B3AB109}
		{A6E83AE8-67C8-4285-8FEF-5810555D995D} = {355B5B02-B196-4D04-942C-BB164B3AB109}
		{B1587D0A-FE7F-409C-BAD0-F638C8188221} = {355B5B02-B196-4D04-942C-BB164B3AB109}
		{96429A0D-04CD-47D3-AFD8-A06EBC21E5CC} = {9A16D250-D205-4080-9D6C-76F978941C1B}
	EndGlobalSection
	GlobalSection(ExtensibilityGlobals) = postSolution
		SolutionGuid = {4E93A9C7-878C-4003-BA36-CDDDC041F646}
	EndGlobalSection
EndGlobal
