
Microsoft Visual Studio Solution File, Format Version 12.00
# Visual Studio Version 17
VisualStudioVersion = 17.6.33829.357
MinimumVisualStudioVersion = 10.0.40219.1
Project("{2150E333-8FDC-42A3-9474-1A3956D46DE8}") = "Book", "Book", "{F67EA632-C806-4501-A5D8-CED7E59DDF9D}"
EndProject
Project("{2150E333-8FDC-42A3-9474-1A3956D46DE8}") = "Youtube", "Youtube", "{9A16D250-D205-4080-9D6C-76F978941C1B}"
EndProject
Project("{2150E333-8FDC-42A3-9474-1A3956D46DE8}") = "Note", "Note", "{F61EC47F-034E-4D04-8BC6-BED9DEB8AF03}"
EndProject
Project("{FAE04EC0-301F-11D3-BF4B-00C04F79EFBC}") = "01Property", "01Property\01Property.csproj", "{E34C5B73-8463-4EB9-A4AC-75E5599DF607}"
EndProject
Project("{2150E333-8FDC-42A3-9474-1A3956D46DE8}") = "DesignPattern", "DesignPattern", "{E41389B6-759E-455F-B9BA-D6D75E9CD2EF}"
EndProject
Project("{FAE04EC0-301F-11D3-BF4B-00C04F79EFBC}") = "01BuilderPattern", "01BuilderPattern\01BuilderPattern.csproj", "{E5A8938C-5A57-42B2-B52D-BA023BEBD14A}"
EndProject
Project("{2150E333-8FDC-42A3-9474-1A3956D46DE8}") = "Game", "Game", "{8433F76D-B397-459A-8B48-DB2A25B75755}"
EndProject
Project("{FAE04EC0-301F-11D3-BF4B-00C04F79EFBC}") = "TextRpg001", "TextRpg001\TextRpg001.csproj", "{05D368AD-C659-4E9C-A256-8DBEF86F6418}"
EndProject
Project("{FAE04EC0-301F-11D3-BF4B-00C04F79EFBC}") = "TextRpg002", "TextRpg002\TextRpg002.csproj", "{0706E27D-3D2C-4B25-95BC-B621D85F03D7}"
EndProject
Project("{2150E333-8FDC-42A3-9474-1A3956D46DE8}") = "Practice", "Practice", "{E773335A-6B88-4781-B661-72916733CE02}"
EndProject
Project("{FAE04EC0-301F-11D3-BF4B-00C04F79EFBC}") = "01Inheritance", "01Inheritance\01Inheritance.csproj", "{E1A662F1-509B-4869-892F-CFF0ED9D4E86}"
EndProject
Project("{FAE04EC0-301F-11D3-BF4B-00C04F79EFBC}") = "_01Basic", "Book\01Basic\_01Basic.csproj", "{71F85120-264A-4E93-A934-D5B146A20BCC}"
EndProject
Project("{FAE04EC0-301F-11D3-BF4B-00C04F79EFBC}") = "_02_1Variable", "Book\02_1Variable\_02_1Variable.csproj", "{CFD1297C-5801-4BEE-A802-5C4E056E3CFF}"
EndProject
Project("{FAE04EC0-301F-11D3-BF4B-00C04F79EFBC}") = "_02_2DataType", "Book\02_2DataType\_02_2DataType.csproj", "{4DE6ECBC-D4F3-47B1-817E-843A94E8B5CB}"
EndProject
Project("{FAE04EC0-301F-11D3-BF4B-00C04F79EFBC}") = "_03Arrary", "Book\03Arrary\_03Arrary.csproj", "{0051C6EC-22B2-4F17-80EA-16B993D7D154}"
EndProject
Project("{FAE04EC0-301F-11D3-BF4B-00C04F79EFBC}") = "_04Collection", "Book\04Collection\_04Collection.csproj", "{2591FBD2-EDD7-4F90-A927-1BBFE6F4E1D7}"
EndProject
Project("{FAE04EC0-301F-11D3-BF4B-00C04F79EFBC}") = "_05Enum", "Book\05Enum\_05Enum.csproj", "{69F02AF4-6A07-4ADD-A52F-781ED647072A}"
EndProject
Project("{FAE04EC0-301F-11D3-BF4B-00C04F79EFBC}") = "_06ChallengeQuiz", "Book\06ChallengeQuiz\_06ChallengeQuiz.csproj", "{3A560603-12AE-4DF9-BE70-C231C952E8A1}"
EndProject
Project("{FAE04EC0-301F-11D3-BF4B-00C04F79EFBC}") = "07Operator", "Book\07Operator\07Operator.csproj", "{9CEB095B-6A24-486E-B8D1-0399C0E0C930}"
EndProject
Project("{FAE04EC0-301F-11D3-BF4B-00C04F79EFBC}") = "02Constructor", "02Constructor\02Constructor.csproj", "{95DEB752-D177-443C-B7FB-409818CA6B25}"
EndProject
Project("{FAE04EC0-301F-11D3-BF4B-00C04F79EFBC}") = "02Enum", "02Enum\02Enum.csproj", "{82F32236-0411-4F88-B50A-B6C7AF99F9D5}"
EndProject
Project("{FAE04EC0-301F-11D3-BF4B-00C04F79EFBC}") = "InventorySystem", "InventorySystem\InventorySystem.csproj", "{696D386A-8F62-4E36-A31C-A87F5A3EE450}"
EndProject
Project("{2150E333-8FDC-42A3-9474-1A3956D46DE8}") = "DataStruct", "DataStruct", "{29475385-7DF6-4C0C-BA9C-1CFC2D13F673}"
EndProject
Project("{FAE04EC0-301F-11D3-BF4B-00C04F79EFBC}") = "List", "DataStruct\List\List.csproj", "{12995FD8-B34B-4403-98FE-BECE9EA9299D}"
EndProject
Project("{FAE04EC0-301F-11D3-BF4B-00C04F79EFBC}") = "LinkedList", "DataStruct\LinkedList\LinkedList.csproj", "{430DDB14-AC2B-43D9-9CA4-99FF569DA49C}"
EndProject
Project("{FAE04EC0-301F-11D3-BF4B-00C04F79EFBC}") = "Node", "DataStruct\Node\Node.csproj", "{4D30C448-A310-492E-8376-D229D6D86E5F}"
EndProject
Project("{FAE04EC0-301F-11D3-BF4B-00C04F79EFBC}") = "NodeEx", "DataStruct\NodeEx\NodeEx.csproj", "{21A69E24-840A-49D6-BF28-8C14FEFC0122}"
EndProject
Project("{FAE04EC0-301F-11D3-BF4B-00C04F79EFBC}") = "08Class", "Book\08Class\08Class.csproj", "{EF985FA5-7DDB-4514-946D-F36554A67726}"
EndProject
Project("{FAE04EC0-301F-11D3-BF4B-00C04F79EFBC}") = "09AbstractClass", "Book\09AbstractClass\09AbstractClass.csproj", "{0D947843-E266-4B1B-8827-DA98F873261F}"
EndProject
Project("{FAE04EC0-301F-11D3-BF4B-00C04F79EFBC}") = "10Interface", "Book\10Interface\10Interface.csproj", "{5DF0A087-1350-4F94-A004-89B5A29BBF36}"
EndProject
Project("{2150E333-8FDC-42A3-9474-1A3956D46DE8}") = "새 폴더1", "새 폴더1", "{AF537D8C-72B0-42FE-8D15-C079BB36A493}"
EndProject
Global
	GlobalSection(SolutionConfigurationPlatforms) = preSolution
		Debug|Any CPU = Debug|Any CPU
		Release|Any CPU = Release|Any CPU
	EndGlobalSection
	GlobalSection(ProjectConfigurationPlatforms) = postSolution
		{E34C5B73-8463-4EB9-A4AC-75E5599DF607}.Debug|Any CPU.ActiveCfg = Debug|Any CPU
		{E34C5B73-8463-4EB9-A4AC-75E5599DF607}.Debug|Any CPU.Build.0 = Debug|Any CPU
		{E34C5B73-8463-4EB9-A4AC-75E5599DF607}.Release|Any CPU.ActiveCfg = Release|Any CPU
		{E34C5B73-8463-4EB9-A4AC-75E5599DF607}.Release|Any CPU.Build.0 = Release|Any CPU
		{E5A8938C-5A57-42B2-B52D-BA023BEBD14A}.Debug|Any CPU.ActiveCfg = Debug|Any CPU
		{E5A8938C-5A57-42B2-B52D-BA023BEBD14A}.Debug|Any CPU.Build.0 = Debug|Any CPU
		{E5A8938C-5A57-42B2-B52D-BA023BEBD14A}.Release|Any CPU.ActiveCfg = Release|Any CPU
		{E5A8938C-5A57-42B2-B52D-BA023BEBD14A}.Release|Any CPU.Build.0 = Release|Any CPU
		{05D368AD-C659-4E9C-A256-8DBEF86F6418}.Debug|Any CPU.ActiveCfg = Debug|Any CPU
		{05D368AD-C659-4E9C-A256-8DBEF86F6418}.Debug|Any CPU.Build.0 = Debug|Any CPU
		{05D368AD-C659-4E9C-A256-8DBEF86F6418}.Release|Any CPU.ActiveCfg = Release|Any CPU
		{05D368AD-C659-4E9C-A256-8DBEF86F6418}.Release|Any CPU.Build.0 = Release|Any CPU
		{0706E27D-3D2C-4B25-95BC-B621D85F03D7}.Debug|Any CPU.ActiveCfg = Debug|Any CPU
		{0706E27D-3D2C-4B25-95BC-B621D85F03D7}.Debug|Any CPU.Build.0 = Debug|Any CPU
		{0706E27D-3D2C-4B25-95BC-B621D85F03D7}.Release|Any CPU.ActiveCfg = Release|Any CPU
		{0706E27D-3D2C-4B25-95BC-B621D85F03D7}.Release|Any CPU.Build.0 = Release|Any CPU
		{E1A662F1-509B-4869-892F-CFF0ED9D4E86}.Debug|Any CPU.ActiveCfg = Debug|Any CPU
		{E1A662F1-509B-4869-892F-CFF0ED9D4E86}.Debug|Any CPU.Build.0 = Debug|Any CPU
		{E1A662F1-509B-4869-892F-CFF0ED9D4E86}.Release|Any CPU.ActiveCfg = Release|Any CPU
		{E1A662F1-509B-4869-892F-CFF0ED9D4E86}.Release|Any CPU.Build.0 = Release|Any CPU
		{71F85120-264A-4E93-A934-D5B146A20BCC}.Debug|Any CPU.ActiveCfg = Debug|Any CPU
		{71F85120-264A-4E93-A934-D5B146A20BCC}.Debug|Any CPU.Build.0 = Debug|Any CPU
		{71F85120-264A-4E93-A934-D5B146A20BCC}.Release|Any CPU.ActiveCfg = Release|Any CPU
		{71F85120-264A-4E93-A934-D5B146A20BCC}.Release|Any CPU.Build.0 = Release|Any CPU
		{CFD1297C-5801-4BEE-A802-5C4E056E3CFF}.Debug|Any CPU.ActiveCfg = Debug|Any CPU
		{CFD1297C-5801-4BEE-A802-5C4E056E3CFF}.Debug|Any CPU.Build.0 = Debug|Any CPU
		{CFD1297C-5801-4BEE-A802-5C4E056E3CFF}.Release|Any CPU.ActiveCfg = Release|Any CPU
		{CFD1297C-5801-4BEE-A802-5C4E056E3CFF}.Release|Any CPU.Build.0 = Release|Any CPU
		{4DE6ECBC-D4F3-47B1-817E-843A94E8B5CB}.Debug|Any CPU.ActiveCfg = Debug|Any CPU
		{4DE6ECBC-D4F3-47B1-817E-843A94E8B5CB}.Debug|Any CPU.Build.0 = Debug|Any CPU
		{4DE6ECBC-D4F3-47B1-817E-843A94E8B5CB}.Release|Any CPU.ActiveCfg = Release|Any CPU
		{4DE6ECBC-D4F3-47B1-817E-843A94E8B5CB}.Release|Any CPU.Build.0 = Release|Any CPU
		{0051C6EC-22B2-4F17-80EA-16B993D7D154}.Debug|Any CPU.ActiveCfg = Debug|Any CPU
		{0051C6EC-22B2-4F17-80EA-16B993D7D154}.Debug|Any CPU.Build.0 = Debug|Any CPU
		{0051C6EC-22B2-4F17-80EA-16B993D7D154}.Release|Any CPU.ActiveCfg = Release|Any CPU
		{0051C6EC-22B2-4F17-80EA-16B993D7D154}.Release|Any CPU.Build.0 = Release|Any CPU
		{2591FBD2-EDD7-4F90-A927-1BBFE6F4E1D7}.Debug|Any CPU.ActiveCfg = Debug|Any CPU
		{2591FBD2-EDD7-4F90-A927-1BBFE6F4E1D7}.Debug|Any CPU.Build.0 = Debug|Any CPU
		{2591FBD2-EDD7-4F90-A927-1BBFE6F4E1D7}.Release|Any CPU.ActiveCfg = Release|Any CPU
		{2591FBD2-EDD7-4F90-A927-1BBFE6F4E1D7}.Release|Any CPU.Build.0 = Release|Any CPU
		{69F02AF4-6A07-4ADD-A52F-781ED647072A}.Debug|Any CPU.ActiveCfg = Debug|Any CPU
		{69F02AF4-6A07-4ADD-A52F-781ED647072A}.Debug|Any CPU.Build.0 = Debug|Any CPU
		{69F02AF4-6A07-4ADD-A52F-781ED647072A}.Release|Any CPU.ActiveCfg = Release|Any CPU
		{69F02AF4-6A07-4ADD-A52F-781ED647072A}.Release|Any CPU.Build.0 = Release|Any CPU
		{3A560603-12AE-4DF9-BE70-C231C952E8A1}.Debug|Any CPU.ActiveCfg = Debug|Any CPU
		{3A560603-12AE-4DF9-BE70-C231C952E8A1}.Debug|Any CPU.Build.0 = Debug|Any CPU
		{3A560603-12AE-4DF9-BE70-C231C952E8A1}.Release|Any CPU.ActiveCfg = Release|Any CPU
		{3A560603-12AE-4DF9-BE70-C231C952E8A1}.Release|Any CPU.Build.0 = Release|Any CPU
		{9CEB095B-6A24-486E-B8D1-0399C0E0C930}.Debug|Any CPU.ActiveCfg = Debug|Any CPU
		{9CEB095B-6A24-486E-B8D1-0399C0E0C930}.Debug|Any CPU.Build.0 = Debug|Any CPU
		{9CEB095B-6A24-486E-B8D1-0399C0E0C930}.Release|Any CPU.ActiveCfg = Release|Any CPU
		{9CEB095B-6A24-486E-B8D1-0399C0E0C930}.Release|Any CPU.Build.0 = Release|Any CPU
		{95DEB752-D177-443C-B7FB-409818CA6B25}.Debug|Any CPU.ActiveCfg = Debug|Any CPU
		{95DEB752-D177-443C-B7FB-409818CA6B25}.Debug|Any CPU.Build.0 = Debug|Any CPU
		{95DEB752-D177-443C-B7FB-409818CA6B25}.Release|Any CPU.ActiveCfg = Release|Any CPU
		{95DEB752-D177-443C-B7FB-409818CA6B25}.Release|Any CPU.Build.0 = Release|Any CPU
		{82F32236-0411-4F88-B50A-B6C7AF99F9D5}.Debug|Any CPU.ActiveCfg = Debug|Any CPU
		{82F32236-0411-4F88-B50A-B6C7AF99F9D5}.Debug|Any CPU.Build.0 = Debug|Any CPU
		{82F32236-0411-4F88-B50A-B6C7AF99F9D5}.Release|Any CPU.ActiveCfg = Release|Any CPU
		{82F32236-0411-4F88-B50A-B6C7AF99F9D5}.Release|Any CPU.Build.0 = Release|Any CPU
		{696D386A-8F62-4E36-A31C-A87F5A3EE450}.Debug|Any CPU.ActiveCfg = Debug|Any CPU
		{696D386A-8F62-4E36-A31C-A87F5A3EE450}.Debug|Any CPU.Build.0 = Debug|Any CPU
		{696D386A-8F62-4E36-A31C-A87F5A3EE450}.Release|Any CPU.ActiveCfg = Release|Any CPU
		{696D386A-8F62-4E36-A31C-A87F5A3EE450}.Release|Any CPU.Build.0 = Release|Any CPU
		{12995FD8-B34B-4403-98FE-BECE9EA9299D}.Debug|Any CPU.ActiveCfg = Debug|Any CPU
		{12995FD8-B34B-4403-98FE-BECE9EA9299D}.Debug|Any CPU.Build.0 = Debug|Any CPU
		{12995FD8-B34B-4403-98FE-BECE9EA9299D}.Release|Any CPU.ActiveCfg = Release|Any CPU
		{12995FD8-B34B-4403-98FE-BECE9EA9299D}.Release|Any CPU.Build.0 = Release|Any CPU
		{430DDB14-AC2B-43D9-9CA4-99FF569DA49C}.Debug|Any CPU.ActiveCfg = Debug|Any CPU
		{430DDB14-AC2B-43D9-9CA4-99FF569DA49C}.Debug|Any CPU.Build.0 = Debug|Any CPU
		{430DDB14-AC2B-43D9-9CA4-99FF569DA49C}.Release|Any CPU.ActiveCfg = Release|Any CPU
		{430DDB14-AC2B-43D9-9CA4-99FF569DA49C}.Release|Any CPU.Build.0 = Release|Any CPU
		{4D30C448-A310-492E-8376-D229D6D86E5F}.Debug|Any CPU.ActiveCfg = Debug|Any CPU
		{4D30C448-A310-492E-8376-D229D6D86E5F}.Debug|Any CPU.Build.0 = Debug|Any CPU
		{4D30C448-A310-492E-8376-D229D6D86E5F}.Release|Any CPU.ActiveCfg = Release|Any CPU
		{4D30C448-A310-492E-8376-D229D6D86E5F}.Release|Any CPU.Build.0 = Release|Any CPU
		{21A69E24-840A-49D6-BF28-8C14FEFC0122}.Debug|Any CPU.ActiveCfg = Debug|Any CPU
		{21A69E24-840A-49D6-BF28-8C14FEFC0122}.Debug|Any CPU.Build.0 = Debug|Any CPU
		{21A69E24-840A-49D6-BF28-8C14FEFC0122}.Release|Any CPU.ActiveCfg = Release|Any CPU
		{21A69E24-840A-49D6-BF28-8C14FEFC0122}.Release|Any CPU.Build.0 = Release|Any CPU
		{EF985FA5-7DDB-4514-946D-F36554A67726}.Debug|Any CPU.ActiveCfg = Debug|Any CPU
		{EF985FA5-7DDB-4514-946D-F36554A67726}.Debug|Any CPU.Build.0 = Debug|Any CPU
		{EF985FA5-7DDB-4514-946D-F36554A67726}.Release|Any CPU.ActiveCfg = Release|Any CPU
		{EF985FA5-7DDB-4514-946D-F36554A67726}.Release|Any CPU.Build.0 = Release|Any CPU
		{0D947843-E266-4B1B-8827-DA98F873261F}.Debug|Any CPU.ActiveCfg = Debug|Any CPU
		{0D947843-E266-4B1B-8827-DA98F873261F}.Debug|Any CPU.Build.0 = Debug|Any CPU
		{0D947843-E266-4B1B-8827-DA98F873261F}.Release|Any CPU.ActiveCfg = Release|Any CPU
		{0D947843-E266-4B1B-8827-DA98F873261F}.Release|Any CPU.Build.0 = Release|Any CPU
		{5DF0A087-1350-4F94-A004-89B5A29BBF36}.Debug|Any CPU.ActiveCfg = Debug|Any CPU
		{5DF0A087-1350-4F94-A004-89B5A29BBF36}.Debug|Any CPU.Build.0 = Debug|Any CPU
		{5DF0A087-1350-4F94-A004-89B5A29BBF36}.Release|Any CPU.ActiveCfg = Release|Any CPU
		{5DF0A087-1350-4F94-A004-89B5A29BBF36}.Release|Any CPU.Build.0 = Release|Any CPU
	EndGlobalSection
	GlobalSection(SolutionProperties) = preSolution
		HideSolutionNode = FALSE
	EndGlobalSection
	GlobalSection(NestedProjects) = preSolution
		{E34C5B73-8463-4EB9-A4AC-75E5599DF607} = {F61EC47F-034E-4D04-8BC6-BED9DEB8AF03}
		{E41389B6-759E-455F-B9BA-D6D75E9CD2EF} = {F61EC47F-034E-4D04-8BC6-BED9DEB8AF03}
		{E5A8938C-5A57-42B2-B52D-BA023BEBD14A} = {E41389B6-759E-455F-B9BA-D6D75E9CD2EF}
		{8433F76D-B397-459A-8B48-DB2A25B75755} = {9A16D250-D205-4080-9D6C-76F978941C1B}
		{05D368AD-C659-4E9C-A256-8DBEF86F6418} = {8433F76D-B397-459A-8B48-DB2A25B75755}
		{0706E27D-3D2C-4B25-95BC-B621D85F03D7} = {8433F76D-B397-459A-8B48-DB2A25B75755}
		{E1A662F1-509B-4869-892F-CFF0ED9D4E86} = {E773335A-6B88-4781-B661-72916733CE02}
		{71F85120-264A-4E93-A934-D5B146A20BCC} = {F67EA632-C806-4501-A5D8-CED7E59DDF9D}
		{CFD1297C-5801-4BEE-A802-5C4E056E3CFF} = {F67EA632-C806-4501-A5D8-CED7E59DDF9D}
		{4DE6ECBC-D4F3-47B1-817E-843A94E8B5CB} = {F67EA632-C806-4501-A5D8-CED7E59DDF9D}
		{0051C6EC-22B2-4F17-80EA-16B993D7D154} = {F67EA632-C806-4501-A5D8-CED7E59DDF9D}
		{2591FBD2-EDD7-4F90-A927-1BBFE6F4E1D7} = {F67EA632-C806-4501-A5D8-CED7E59DDF9D}
		{69F02AF4-6A07-4ADD-A52F-781ED647072A} = {F67EA632-C806-4501-A5D8-CED7E59DDF9D}
		{3A560603-12AE-4DF9-BE70-C231C952E8A1} = {F67EA632-C806-4501-A5D8-CED7E59DDF9D}
		{9CEB095B-6A24-486E-B8D1-0399C0E0C930} = {F67EA632-C806-4501-A5D8-CED7E59DDF9D}
		{95DEB752-D177-443C-B7FB-409818CA6B25} = {E773335A-6B88-4781-B661-72916733CE02}
		{82F32236-0411-4F88-B50A-B6C7AF99F9D5} = {F61EC47F-034E-4D04-8BC6-BED9DEB8AF03}
		{696D386A-8F62-4E36-A31C-A87F5A3EE450} = {8433F76D-B397-459A-8B48-DB2A25B75755}
		{29475385-7DF6-4C0C-BA9C-1CFC2D13F673} = {9A16D250-D205-4080-9D6C-76F978941C1B}
		{12995FD8-B34B-4403-98FE-BECE9EA9299D} = {29475385-7DF6-4C0C-BA9C-1CFC2D13F673}
		{430DDB14-AC2B-43D9-9CA4-99FF569DA49C} = {29475385-7DF6-4C0C-BA9C-1CFC2D13F673}
		{4D30C448-A310-492E-8376-D229D6D86E5F} = {29475385-7DF6-4C0C-BA9C-1CFC2D13F673}
		{21A69E24-840A-49D6-BF28-8C14FEFC0122} = {29475385-7DF6-4C0C-BA9C-1CFC2D13F673}
		{EF985FA5-7DDB-4514-946D-F36554A67726} = {F67EA632-C806-4501-A5D8-CED7E59DDF9D}
		{0D947843-E266-4B1B-8827-DA98F873261F} = {F67EA632-C806-4501-A5D8-CED7E59DDF9D}
		{5DF0A087-1350-4F94-A004-89B5A29BBF36} = {F67EA632-C806-4501-A5D8-CED7E59DDF9D}
		{AF537D8C-72B0-42FE-8D15-C079BB36A493} = {9A16D250-D205-4080-9D6C-76F978941C1B}
	EndGlobalSection
	GlobalSection(ExtensibilityGlobals) = postSolution
		SolutionGuid = {4E93A9C7-878C-4003-BA36-CDDDC041F646}
	EndGlobalSection
EndGlobal
